
Microsoft Visual Studio Solution File, Format Version 12.00
# Visual Studio Version 16
VisualStudioVersion = 16.0.31005.135
MinimumVisualStudioVersion = 10.0.40219.1
Project("{FAE04EC0-301F-11D3-BF4B-00C04F79EFBC}") = "Web Crawler", "Web Crawler\Web Crawler.csproj", "{4C51BFDC-1209-4F52-A37E-FD1152EFF439}"
EndProject
Global
	GlobalSection(SolutionConfigurationPlatforms) = preSolution
		Debug|Any CPU = Debug|Any CPU
		Release|Any CPU = Release|Any CPU
	EndGlobalSection
	GlobalSection(ProjectConfigurationPlatforms) = postSolution
		{4C51BFDC-1209-4F52-A37E-FD1152EFF439}.Debug|Any CPU.ActiveCfg = Debug|Any CPU
		{4C51BFDC-1209-4F52-A37E-FD1152EFF439}.Debug|Any CPU.Build.0 = Debug|Any CPU
		{4C51BFDC-1209-4F52-A37E-FD1152EFF439}.Release|Any CPU.ActiveCfg = Release|Any CPU
		{4C51BFDC-1209-4F52-A37E-FD1152EFF439}.Release|Any CPU.Build.0 = Release|Any CPU
	EndGlobalSection
	GlobalSection(SolutionProperties) = preSolution
		HideSolutionNode = FALSE
	EndGlobalSection
	GlobalSection(ExtensibilityGlobals) = postSolution
		SolutionGuid = {04A0EC31-66BC-4514-9CC5-31A31A55BD1C}
	EndGlobalSection
EndGlobal
